
Microsoft Visual Studio Solution File, Format Version 12.00
# Visual Studio Version 17
VisualStudioVersion = 17.7.34221.43
MinimumVisualStudioVersion = 10.0.40219.1
Project("{FAE04EC0-301F-11D3-BF4B-00C04F79EFBC}") = "Estruturas", "Estruturas\Estruturas.csproj", "{7D29433A-40B9-4616-A118-2839D2405FD6}"
EndProject
Global
	GlobalSection(SolutionConfigurationPlatforms) = preSolution
		Debug|Any CPU = Debug|Any CPU
		Release|Any CPU = Release|Any CPU
	EndGlobalSection
	GlobalSection(ProjectConfigurationPlatforms) = postSolution
		{7D29433A-40B9-4616-A118-2839D2405FD6}.Debug|Any CPU.ActiveCfg = Debug|Any CPU
		{7D29433A-40B9-4616-A118-2839D2405FD6}.Debug|Any CPU.Build.0 = Debug|Any CPU
		{7D29433A-40B9-4616-A118-2839D2405FD6}.Release|Any CPU.ActiveCfg = Release|Any CPU
		{7D29433A-40B9-4616-A118-2839D2405FD6}.Release|Any CPU.Build.0 = Release|Any CPU
	EndGlobalSection
	GlobalSection(SolutionProperties) = preSolution
		HideSolutionNode = FALSE
	EndGlobalSection
	GlobalSection(ExtensibilityGlobals) = postSolution
		SolutionGuid = {A93DF12B-1B13-4FA2-A6A8-A3422F231945}
	EndGlobalSection
EndGlobal
